{
  "R": {
    "Version": "4.2.2",
    "Repositories": [
      {
        "Name": "RSPM",
        "URL": "https://packagemanager.rstudio.com/all/latest"
      }
    ]
  },
  "Packages": {
    "DBI": {
      "Package": "DBI",
      "Version": "1.1.3",
      "Source": "Repository",
      "Repository": "RSPM",
      "Hash": "b2866e62bab9378c3cc9476a1954226b",
      "Requirements": []
    },
    "KernSmooth": {
      "Package": "KernSmooth",
      "Version": "2.23-20",
      "Source": "Repository",
      "Repository": "CRAN",
      "Hash": "8dcfa99b14c296bc9f1fd64d52fd3ce7",
      "Requirements": []
    },
    "MASS": {
      "Package": "MASS",
      "Version": "7.3-58.1",
      "Source": "Repository",
      "Repository": "CRAN",
      "Hash": "762e1804143a332333c054759f89a706",
      "Requirements": []
    },
    "Matrix": {
      "Package": "Matrix",
      "Version": "1.5-3",
      "Source": "Repository",
      "Repository": "RSPM",
      "Hash": "4006dffe49958d2dd591c17e61e60591",
      "Requirements": [
        "lattice"
      ]
    },
    "R.cache": {
      "Package": "R.cache",
      "Version": "0.16.0",
      "Source": "Repository",
      "Repository": "CRAN",
      "Hash": "fe539ca3f8efb7410c3ae2cf5fe6c0f8",
      "Requirements": [
        "R.methodsS3",
        "R.oo",
        "R.utils",
        "digest"
      ]
    },
    "R.methodsS3": {
      "Package": "R.methodsS3",
      "Version": "1.8.2",
      "Source": "Repository",
      "Repository": "CRAN",
      "Hash": "278c286fd6e9e75d0c2e8f731ea445c8",
      "Requirements": []
    },
    "R.oo": {
      "Package": "R.oo",
      "Version": "1.25.0",
      "Source": "Repository",
      "Repository": "CRAN",
      "Hash": "a0900a114f4f0194cf4aa8cd4a700681",
      "Requirements": [
        "R.methodsS3"
      ]
    },
    "R.utils": {
      "Package": "R.utils",
      "Version": "2.12.2",
      "Source": "Repository",
      "Repository": "CRAN",
      "Hash": "325f01db13da12c04d8f6e7be36ff514",
      "Requirements": [
        "R.methodsS3",
        "R.oo"
      ]
    },
    "R6": {
      "Package": "R6",
      "Version": "2.5.1",
      "Source": "Repository",
      "Repository": "CRAN",
      "Hash": "470851b6d5d0ac559e9d01bb352b4021",
      "Requirements": []
    },
    "RColorBrewer": {
      "Package": "RColorBrewer",
      "Version": "1.1-3",
      "Source": "Repository",
      "Repository": "RSPM",
      "Hash": "45f0398006e83a5b10b72a90663d8d8c",
      "Requirements": []
    },
    "Rcpp": {
      "Package": "Rcpp",
      "Version": "1.0.9",
      "Source": "Repository",
      "Repository": "CRAN",
      "Hash": "e9c08b94391e9f3f97355841229124f2",
      "Requirements": []
    },
    "askpass": {
      "Package": "askpass",
      "Version": "1.1",
      "Source": "Repository",
      "Repository": "RSPM",
      "Hash": "e8a22846fff485f0be3770c2da758713",
      "Requirements": [
        "sys"
      ]
    },
    "backports": {
      "Package": "backports",
      "Version": "1.4.1",
      "Source": "Repository",
      "Repository": "CRAN",
      "Hash": "c39fbec8a30d23e721980b8afb31984c",
      "Requirements": []
    },
    "base64enc": {
      "Package": "base64enc",
      "Version": "0.1-3",
      "Source": "Repository",
      "Repository": "CRAN",
      "Hash": "543776ae6848fde2f48ff3816d0628bc",
      "Requirements": []
    },
    "box": {
      "Package": "box",
      "Version": "1.1.2",
      "Source": "Repository",
      "Repository": "CRAN",
      "Hash": "ce26ca183b64788ca4c2ae30ec5876d6",
      "Requirements": []
    },
    "brio": {
      "Package": "brio",
      "Version": "1.1.3",
      "Source": "Repository",
      "Repository": "CRAN",
      "Hash": "976cf154dfb043c012d87cddd8bca363",
      "Requirements": []
    },
    "bslib": {
      "Package": "bslib",
      "Version": "0.4.1",
      "Source": "Repository",
      "Repository": "CRAN",
      "Hash": "89a0cd0c45161e3bd1c1e74a2d65e516",
      "Requirements": [
        "cachem",
        "htmltools",
        "jquerylib",
        "jsonlite",
        "memoise",
        "rlang",
        "sass"
      ]
    },
    "cachem": {
      "Package": "cachem",
      "Version": "1.0.6",
      "Source": "Repository",
      "Repository": "CRAN",
      "Hash": "648c5b3d71e6a37e3043617489a0a0e9",
      "Requirements": [
        "fastmap",
        "rlang"
      ]
    },
    "callr": {
      "Package": "callr",
      "Version": "3.7.3",
      "Source": "Repository",
      "Repository": "CRAN",
      "Hash": "9b2191ede20fa29828139b9900922e51",
      "Requirements": [
        "R6",
        "processx"
      ]
    },
    "checkmate": {
      "Package": "checkmate",
      "Version": "2.1.0",
      "Source": "Repository",
      "Repository": "RSPM",
      "Hash": "147e4db6909d8814bb30f671b49d7e06",
      "Requirements": [
        "backports"
      ]
    },
    "class": {
      "Package": "class",
      "Version": "7.3-22",
      "Source": "Repository",
      "Requirements": []
    },
    "classInt": {
      "Package": "classInt",
      "Version": "0.4-8",
      "Source": "Repository",
      "Repository": "RSPM",
      "Hash": "298fa500d773db0845935cd73bfd9c2e",
      "Requirements": [
        "KernSmooth",
        "class",
        "e1071"
      ]
    },
    "cli": {
      "Package": "cli",
      "Version": "3.4.1",
      "Source": "Repository",
      "Repository": "CRAN",
      "Hash": "0d297d01734d2bcea40197bd4971a764",
      "Requirements": []
    },
    "codetools": {
      "Package": "codetools",
      "Version": "0.2-18",
      "Source": "Repository",
      "Repository": "CRAN",
      "Hash": "019388fc48e48b3da0d3a76ff94608a8",
      "Requirements": []
    },
    "colorspace": {
      "Package": "colorspace",
      "Version": "2.0-3",
      "Source": "Repository",
      "Repository": "RSPM",
      "Hash": "bb4341986bc8b914f0f0acf2e4a3f2f7",
      "Requirements": []
    },
    "commonmark": {
      "Package": "commonmark",
      "Version": "1.8.1",
      "Source": "Repository",
      "Repository": "CRAN",
      "Hash": "b6e3e947d1d7ebf3d2bdcea1bde63fe7",
      "Requirements": []
    },
    "config": {
      "Package": "config",
      "Version": "0.3.1",
      "Source": "Repository",
      "Repository": "CRAN",
      "Hash": "31d77b09f63550cee9ecb5a08bf76e8f",
      "Requirements": [
        "yaml"
      ]
    },
    "countrycode": {
      "Package": "countrycode",
      "Version": "1.4.0",
      "Source": "Repository",
      "Repository": "RSPM",
      "Hash": "2d162e8f29eec5526e362a7415d980ab",
      "Requirements": []
    },
    "cpp11": {
      "Package": "cpp11",
      "Version": "0.4.3",
      "Source": "Repository",
      "Repository": "CRAN",
      "Hash": "ed588261931ee3be2c700d22e94a29ab",
      "Requirements": []
    },
    "crayon": {
      "Package": "crayon",
      "Version": "1.5.2",
      "Source": "Repository",
      "Repository": "CRAN",
      "Hash": "e8a1e41acf02548751f45c718d55aa6a",
      "Requirements": []
    },
    "crosstalk": {
      "Package": "crosstalk",
      "Version": "1.2.0",
      "Source": "Repository",
      "Repository": "RSPM",
      "Hash": "6aa54f69598c32177e920eb3402e8293",
      "Requirements": [
        "R6",
        "htmltools",
        "jsonlite",
        "lazyeval"
      ]
    },
    "curl": {
      "Package": "curl",
      "Version": "4.3.3",
      "Source": "Repository",
      "Repository": "RSPM",
      "Hash": "0eb86baa62f06e8855258fa5a8048667",
      "Requirements": []
    },
    "cyclocomp": {
      "Package": "cyclocomp",
      "Version": "1.1.0",
      "Source": "Repository",
      "Repository": "CRAN",
      "Hash": "53cbed70a2f7472d48fb6aef08442f25",
      "Requirements": [
        "callr",
        "crayon",
        "desc",
        "remotes",
        "withr"
      ]
    },
    "data.table": {
      "Package": "data.table",
      "Version": "1.14.6",
      "Source": "Repository",
      "Repository": "RSPM",
      "Hash": "aecef50008ea7b57c76f1cb5c127fb02",
      "Requirements": []
    },
    "desc": {
      "Package": "desc",
      "Version": "1.4.2",
      "Source": "Repository",
      "Repository": "CRAN",
      "Hash": "6b9602c7ebbe87101a9c8edb6e8b6d21",
      "Requirements": [
        "R6",
        "cli",
        "rprojroot"
      ]
    },
    "diffobj": {
      "Package": "diffobj",
      "Version": "0.3.5",
      "Source": "Repository",
      "Repository": "CRAN",
      "Hash": "bcaa8b95f8d7d01a5dedfd959ce88ab8",
      "Requirements": [
        "crayon"
      ]
    },
    "digest": {
      "Package": "digest",
      "Version": "0.6.30",
      "Source": "Repository",
      "Repository": "RSPM",
      "Hash": "bf1cd206a5d170d132ef75c7537b9bdb",
      "Requirements": []
    },
    "dplyr": {
      "Package": "dplyr",
      "Version": "1.0.10",
      "Source": "Repository",
      "Repository": "RSPM",
      "Hash": "539412282059f7f0c07295723d23f987",
      "Requirements": [
        "R6",
        "generics",
        "glue",
        "lifecycle",
        "magrittr",
        "pillar",
        "rlang",
        "tibble",
        "tidyselect",
        "vctrs"
      ]
    },
    "e1071": {
      "Package": "e1071",
      "Version": "1.7-12",
      "Source": "Repository",
      "Repository": "RSPM",
      "Hash": "0d776df7577206e100c2c4b508208b10",
      "Requirements": [
        "class",
        "proxy"
      ]
    },
    "ellipsis": {
      "Package": "ellipsis",
      "Version": "0.3.2",
      "Source": "Repository",
      "Repository": "CRAN",
      "Hash": "bb0eec2fe32e88d9e2836c2f73ea2077",
      "Requirements": [
        "rlang"
      ]
    },
    "evaluate": {
      "Package": "evaluate",
      "Version": "0.18",
      "Source": "Repository",
      "Repository": "RSPM",
      "Hash": "6b6c0f8467cd4ce0b500cabbc1bd1763",
      "Requirements": []
    },
    "fansi": {
      "Package": "fansi",
      "Version": "1.0.3",
      "Source": "Repository",
      "Repository": "CRAN",
      "Hash": "83a8afdbe71839506baa9f90eebad7ec",
      "Requirements": []
    },
    "farver": {
      "Package": "farver",
      "Version": "2.1.1",
      "Source": "Repository",
      "Repository": "CRAN",
      "Hash": "8106d78941f34855c440ddb946b8f7a5",
      "Requirements": []
    },
    "fastmap": {
      "Package": "fastmap",
      "Version": "1.1.0",
      "Source": "Repository",
      "Repository": "CRAN",
      "Hash": "77bd60a6157420d4ffa93b27cf6a58b8",
      "Requirements": []
    },
    "fontawesome": {
      "Package": "fontawesome",
      "Version": "0.4.0",
      "Source": "Repository",
      "Repository": "CRAN",
      "Hash": "c5a628c2570aa86a96cc6ef739d8bfda",
      "Requirements": [
        "htmltools",
        "rlang"
      ]
    },
    "fs": {
      "Package": "fs",
      "Version": "1.5.2",
      "Source": "Repository",
      "Repository": "CRAN",
      "Hash": "7c89603d81793f0d5486d91ab1fc6f1d",
      "Requirements": []
    },
    "fst": {
      "Package": "fst",
      "Version": "0.9.8",
      "Source": "Repository",
      "Repository": "RSPM",
      "Hash": "34637e000c63c3de8d8aafceb82fd082",
      "Requirements": [
        "Rcpp",
        "fstcore"
      ]
    },
    "fstcore": {
      "Package": "fstcore",
      "Version": "0.9.12",
      "Source": "Repository",
      "Repository": "RSPM",
      "Hash": "1c133b1d853bd4f67043a6e9c17051e2",
      "Requirements": [
        "Rcpp"
      ]
    },
    "generics": {
      "Package": "generics",
      "Version": "0.1.3",
      "Source": "Repository",
      "Repository": "RSPM",
      "Hash": "15e9634c0fcd294799e9b2e929ed1b86",
      "Requirements": []
    },
    "ggplot2": {
      "Package": "ggplot2",
      "Version": "3.4.0",
      "Source": "Repository",
      "Repository": "RSPM",
      "Hash": "fd2aab12f54400c6bca43687231e246b",
      "Requirements": [
        "MASS",
        "cli",
        "glue",
        "gtable",
        "isoband",
        "lifecycle",
        "mgcv",
        "rlang",
        "scales",
        "tibble",
        "vctrs",
        "withr"
      ]
    },
    "glue": {
      "Package": "glue",
      "Version": "1.6.2",
      "Source": "Repository",
      "Repository": "CRAN",
      "Hash": "4f2596dfb05dac67b9dc558e5c6fba2e",
      "Requirements": []
    },
    "gridExtra": {
      "Package": "gridExtra",
      "Version": "2.3",
      "Source": "Repository",
      "Repository": "RSPM",
      "Hash": "7d7f283939f563670a697165b2cf5560",
      "Requirements": [
        "gtable"
      ]
    },
    "gtable": {
      "Package": "gtable",
      "Version": "0.3.1",
      "Source": "Repository",
      "Repository": "RSPM",
      "Hash": "36b4265fb818f6a342bed217549cd896",
      "Requirements": []
    },
    "highr": {
      "Package": "highr",
      "Version": "0.9",
      "Source": "Repository",
      "Repository": "CRAN",
      "Hash": "8eb36c8125038e648e5d111c0d7b2ed4",
      "Requirements": [
        "xfun"
      ]
    },
    "htmltools": {
      "Package": "htmltools",
      "Version": "0.5.3",
      "Source": "Repository",
      "Repository": "CRAN",
      "Hash": "6496090a9e00f8354b811d1a2d47b566",
      "Requirements": [
        "base64enc",
        "digest",
        "fastmap",
        "rlang"
      ]
    },
    "htmlwidgets": {
      "Package": "htmlwidgets",
      "Version": "1.5.4",
      "Source": "Repository",
      "Repository": "CRAN",
      "Hash": "76147821cd3fcd8c4b04e1ef0498e7fb",
      "Requirements": [
        "htmltools",
        "jsonlite",
        "yaml"
      ]
    },
    "httpuv": {
      "Package": "httpuv",
      "Version": "1.6.6",
      "Source": "Repository",
      "Repository": "CRAN",
      "Hash": "fd090e236ae2dc0f0cdf33a9ec83afb6",
      "Requirements": [
        "R6",
        "Rcpp",
        "later",
        "promises"
      ]
    },
    "httr": {
      "Package": "httr",
      "Version": "1.4.4",
      "Source": "Repository",
      "Repository": "RSPM",
      "Hash": "57557fac46471f0dbbf44705cc6a5c8c",
      "Requirements": [
        "R6",
        "curl",
        "jsonlite",
        "mime",
        "openssl"
      ]
    },
    "isoband": {
      "Package": "isoband",
      "Version": "0.2.6",
      "Source": "Repository",
      "Repository": "RSPM",
      "Hash": "cfdea9dea85c1a973991c8cbe299f4da",
      "Requirements": []
    },
    "jquerylib": {
      "Package": "jquerylib",
      "Version": "0.1.4",
      "Source": "Repository",
      "Repository": "CRAN",
      "Hash": "5aab57a3bd297eee1c1d862735972182",
      "Requirements": [
        "htmltools"
      ]
    },
    "jsonlite": {
      "Package": "jsonlite",
      "Version": "1.8.3",
      "Source": "Repository",
      "Repository": "RSPM",
      "Hash": "8b1bd0be62956f2a6b91ce84fac79a45",
      "Requirements": []
    },
    "knitr": {
      "Package": "knitr",
      "Version": "1.41",
      "Source": "Repository",
      "Repository": "CRAN",
      "Hash": "6d4971f3610e75220534a1befe81bc92",
      "Requirements": [
        "evaluate",
        "highr",
        "stringr",
        "xfun",
        "yaml"
      ]
    },
    "labeling": {
      "Package": "labeling",
      "Version": "0.4.2",
      "Source": "Repository",
      "Repository": "RSPM",
      "Hash": "3d5108641f47470611a32d0bdf357a72",
      "Requirements": []
    },
    "later": {
      "Package": "later",
      "Version": "1.3.0",
      "Source": "Repository",
      "Repository": "CRAN",
      "Hash": "7e7b457d7766bc47f2a5f21cc2984f8e",
      "Requirements": [
        "Rcpp",
        "rlang"
      ]
    },
    "lattice": {
      "Package": "lattice",
      "Version": "0.20-45",
      "Source": "Repository",
      "Repository": "CRAN",
      "Hash": "b64cdbb2b340437c4ee047a1f4c4377b",
      "Requirements": []
    },
    "lazyeval": {
      "Package": "lazyeval",
      "Version": "0.2.2",
      "Source": "Repository",
      "Repository": "CRAN",
      "Hash": "d908914ae53b04d4c0c0fd72ecc35370",
      "Requirements": []
    },
    "leaflet": {
      "Package": "leaflet",
      "Version": "2.1.1",
      "Source": "Repository",
      "Repository": "RSPM",
      "Hash": "97fadb60ef6eb8524b9f6e2c4a69ee93",
      "Requirements": [
        "RColorBrewer",
        "base64enc",
        "crosstalk",
        "htmltools",
        "htmlwidgets",
        "leaflet.providers",
        "magrittr",
        "markdown",
        "png",
        "raster",
        "scales",
        "sp",
        "viridis"
      ]
    },
    "leaflet.providers": {
      "Package": "leaflet.providers",
      "Version": "1.9.0",
      "Source": "Repository",
      "Repository": "RSPM",
      "Hash": "d3082a7beac4a1aeb96100ff06265d7e",
      "Requirements": []
    },
    "lifecycle": {
      "Package": "lifecycle",
      "Version": "1.0.3",
      "Source": "Repository",
      "Repository": "CRAN",
      "Hash": "001cecbeac1cff9301bdc3775ee46a86",
      "Requirements": [
        "cli",
        "glue",
        "rlang"
      ]
    },
    "lintr": {
      "Package": "lintr",
      "Version": "3.0.2",
      "Source": "Repository",
      "Repository": "CRAN",
      "Hash": "b21ebd652d940f099915221f3328ab7b",
      "Requirements": [
        "backports",
        "codetools",
        "crayon",
        "cyclocomp",
        "digest",
        "glue",
        "jsonlite",
        "knitr",
        "rex",
        "xml2",
        "xmlparsedata"
      ]
    },
    "logger": {
      "Package": "logger",
      "Version": "0.2.2",
      "Source": "Repository",
      "Repository": "CRAN",
      "Hash": "c269b06beb2bbadb0d058c0e6fa4ec3d",
      "Requirements": []
    },
    "magrittr": {
      "Package": "magrittr",
      "Version": "2.0.3",
      "Source": "Repository",
      "Repository": "CRAN",
      "Hash": "7ce2733a9826b3aeb1775d56fd305472",
      "Requirements": []
    },
    "markdown": {
      "Package": "markdown",
      "Version": "1.4",
      "Source": "Repository",
      "Repository": "RSPM",
      "Hash": "f99f5d2d7b2c2c031343bfa7b9f97980",
      "Requirements": [
        "commonmark",
        "mime",
        "xfun"
      ]
    },
    "memoise": {
      "Package": "memoise",
      "Version": "2.0.1",
      "Source": "Repository",
      "Repository": "CRAN",
      "Hash": "e2817ccf4a065c5d9d7f2cfbe7c1d78c",
      "Requirements": [
        "cachem",
        "rlang"
      ]
    },
    "mgcv": {
      "Package": "mgcv",
      "Version": "1.8-41",
      "Source": "Repository",
      "Repository": "CRAN",
      "Hash": "6b3904f13346742caa3e82dd0303d4ad",
      "Requirements": [
        "Matrix",
        "nlme"
      ]
    },
    "mime": {
      "Package": "mime",
      "Version": "0.12",
      "Source": "Repository",
      "Repository": "CRAN",
      "Hash": "18e9c28c1d3ca1560ce30658b22ce104",
      "Requirements": []
    },
    "munsell": {
      "Package": "munsell",
      "Version": "0.5.0",
      "Source": "Repository",
      "Repository": "RSPM",
      "Hash": "6dfe8bf774944bd5595785e3229d8771",
      "Requirements": [
        "colorspace"
      ]
    },
    "nlme": {
      "Package": "nlme",
      "Version": "3.1-160",
      "Source": "Repository",
      "Repository": "CRAN",
      "Hash": "02e3c6e7df163aafa8477225e6827bc5",
      "Requirements": [
        "lattice"
      ]
    },
    "openssl": {
      "Package": "openssl",
      "Version": "2.0.4",
      "Source": "Repository",
      "Repository": "RSPM",
      "Hash": "e86c5ffeb8474a9e03d75f5d2919683e",
      "Requirements": [
        "askpass"
      ]
    },
    "pillar": {
      "Package": "pillar",
      "Version": "1.8.1",
      "Source": "Repository",
      "Repository": "CRAN",
      "Hash": "f2316df30902c81729ae9de95ad5a608",
      "Requirements": [
        "cli",
        "fansi",
        "glue",
        "lifecycle",
        "rlang",
        "utf8",
        "vctrs"
      ]
    },
    "pkgconfig": {
      "Package": "pkgconfig",
      "Version": "2.0.3",
      "Source": "Repository",
      "Repository": "CRAN",
      "Hash": "01f28d4278f15c76cddbea05899c5d6f",
      "Requirements": []
    },
    "pkgload": {
      "Package": "pkgload",
      "Version": "1.3.2",
      "Source": "Repository",
      "Repository": "CRAN",
      "Hash": "6b0c222c5071efe0f3baf3dae9aa40e2",
      "Requirements": [
        "cli",
        "crayon",
        "desc",
        "fs",
        "glue",
        "rlang",
        "rprojroot",
        "withr"
      ]
    },
    "plotly": {
      "Package": "plotly",
      "Version": "4.10.1",
      "Source": "Repository",
      "Repository": "RSPM",
      "Hash": "3781cf6971c6467fa842a63725bbee9e",
      "Requirements": [
        "RColorBrewer",
        "base64enc",
        "crosstalk",
        "data.table",
        "digest",
        "dplyr",
        "ggplot2",
        "htmltools",
        "htmlwidgets",
        "httr",
        "jsonlite",
        "lazyeval",
        "magrittr",
        "promises",
        "purrr",
        "rlang",
        "scales",
        "tibble",
        "tidyr",
        "vctrs",
        "viridisLite"
      ]
    },
    "png": {
      "Package": "png",
      "Version": "0.1-8",
      "Source": "Repository",
      "Repository": "RSPM",
      "Hash": "bd54ba8a0a5faded999a7aab6e46b374",
      "Requirements": []
    },
    "praise": {
      "Package": "praise",
      "Version": "1.0.0",
      "Source": "Repository",
      "Repository": "RSPM",
      "Hash": "a555924add98c99d2f411e37e7d25e9f",
      "Requirements": []
    },
    "processx": {
      "Package": "processx",
      "Version": "3.8.0",
      "Source": "Repository",
      "Repository": "CRAN",
      "Hash": "a33ee2d9bf07564efb888ad98410da84",
      "Requirements": [
        "R6",
        "ps"
      ]
    },
    "promises": {
      "Package": "promises",
      "Version": "1.2.0.1",
      "Source": "Repository",
      "Repository": "CRAN",
      "Hash": "4ab2c43adb4d4699cf3690acd378d75d",
      "Requirements": [
        "R6",
        "Rcpp",
        "later",
        "magrittr",
        "rlang"
      ]
    },
    "proxy": {
      "Package": "proxy",
      "Version": "0.4-27",
      "Source": "Repository",
      "Repository": "RSPM",
      "Hash": "e0ef355c12942cf7a6b91a6cfaea8b3e",
      "Requirements": []
    },
    "ps": {
      "Package": "ps",
      "Version": "1.7.2",
      "Source": "Repository",
      "Repository": "CRAN",
      "Hash": "68dd03d98a5efd1eb3012436de45ba83",
      "Requirements": []
    },
    "purrr": {
      "Package": "purrr",
      "Version": "0.3.5",
      "Source": "Repository",
      "Repository": "CRAN",
      "Hash": "54842a2443c76267152eface28d9e90a",
      "Requirements": [
        "magrittr",
        "rlang"
      ]
    },
    "rappdirs": {
      "Package": "rappdirs",
      "Version": "0.3.3",
      "Source": "Repository",
      "Repository": "CRAN",
      "Hash": "5e3c5dc0b071b21fa128676560dbe94d",
      "Requirements": []
    },
    "raster": {
      "Package": "raster",
      "Version": "3.6-11",
      "Source": "Repository",
      "Repository": "RSPM",
      "Hash": "48f95b0f7e708aa96c8913cadf12eb79",
      "Requirements": [
        "Rcpp",
        "sp",
        "terra"
      ]
    },
    "rematch2": {
      "Package": "rematch2",
      "Version": "2.1.2",
      "Source": "Repository",
      "Repository": "CRAN",
      "Hash": "76c9e04c712a05848ae7a23d2f170a40",
      "Requirements": [
        "tibble"
      ]
    },
    "remotes": {
      "Package": "remotes",
      "Version": "2.4.2",
      "Source": "Repository",
      "Repository": "CRAN",
      "Hash": "227045be9aee47e6dda9bb38ac870d67",
      "Requirements": []
    },
    "renv": {
      "Package": "renv",
      "Version": "0.16.0",
      "Source": "Repository",
      "Repository": "CRAN",
      "Hash": "c9e8442ab69bc21c9697ecf856c1e6c7",
      "Requirements": []
    },
    "rex": {
      "Package": "rex",
      "Version": "1.2.1",
      "Source": "Repository",
      "Repository": "CRAN",
      "Hash": "ae34cd56890607370665bee5bd17812f",
      "Requirements": [
        "lazyeval"
      ]
    },
    "rhino": {
      "Package": "rhino",
      "Version": "1.3.0",
      "Source": "Repository",
      "Repository": "RSPM",
      "Hash": "dcb54376b23e247f1f75789ea9bd8562",
      "Requirements": [
        "box",
        "cli",
        "config",
        "fs",
        "glue",
        "lintr",
        "logger",
        "purrr",
        "renv",
        "rstudioapi",
        "sass",
        "shiny",
        "styler",
        "testthat",
        "withr",
        "yaml"
      ]
    },
    "rlang": {
      "Package": "rlang",
      "Version": "1.0.6",
      "Source": "Repository",
      "Repository": "CRAN",
      "Hash": "4ed1f8336c8d52c3e750adcdc57228a7",
      "Requirements": []
    },
    "rprojroot": {
      "Package": "rprojroot",
      "Version": "2.0.3",
      "Source": "Repository",
      "Repository": "CRAN",
      "Hash": "1de7ab598047a87bba48434ba35d497d",
      "Requirements": []
    },
    "rstudioapi": {
      "Package": "rstudioapi",
      "Version": "0.14",
      "Source": "Repository",
      "Repository": "RSPM",
      "Hash": "690bd2acc42a9166ce34845884459320",
      "Requirements": []
    },
    "s2": {
      "Package": "s2",
      "Version": "1.1.1",
      "Source": "Repository",
      "Repository": "RSPM",
      "Hash": "328ea3dc4329fc40720456c8e0c75445",
      "Requirements": [
        "Rcpp",
        "wk"
      ]
    },
    "sass": {
      "Package": "sass",
      "Version": "0.4.4",
      "Source": "Repository",
      "Repository": "CRAN",
      "Hash": "c76cbac7ca04ce82d8c38e29729987a3",
      "Requirements": [
        "R6",
        "fs",
        "htmltools",
        "rappdirs",
        "rlang"
      ]
    },
    "scales": {
      "Package": "scales",
      "Version": "1.2.1",
      "Source": "Repository",
      "Repository": "RSPM",
      "Hash": "906cb23d2f1c5680b8ce439b44c6fa63",
      "Requirements": [
        "R6",
        "RColorBrewer",
        "farver",
        "labeling",
        "lifecycle",
        "munsell",
        "rlang",
        "viridisLite"
      ]
    },
    "sf": {
      "Package": "sf",
      "Version": "1.0-9",
      "Source": "Repository",
      "Repository": "RSPM",
      "Hash": "8a348490fefb623e7935f405230900a7",
      "Requirements": [
        "DBI",
        "Rcpp",
        "classInt",
        "magrittr",
        "s2",
        "units"
      ]
    },
    "shiny": {
      "Package": "shiny",
      "Version": "1.7.3",
      "Source": "Repository",
      "Repository": "RSPM",
      "Hash": "fe12df67fdb3b1142325cc54f100cc06",
      "Requirements": [
        "R6",
        "bslib",
        "cachem",
        "commonmark",
        "crayon",
        "ellipsis",
        "fastmap",
        "fontawesome",
        "glue",
        "htmltools",
        "httpuv",
        "jsonlite",
        "later",
        "lifecycle",
        "mime",
        "promises",
        "rlang",
        "sourcetools",
        "withr",
        "xtable"
      ]
    },
    "shiny.semantic": {
      "Package": "shiny.semantic",
      "Version": "0.4.3",
      "Source": "Repository",
      "Repository": "RSPM",
      "Hash": "c211db8327fd25b8f73ba8ef5afd3f2d",
      "Requirements": [
        "R6",
        "glue",
        "htmltools",
        "htmlwidgets",
        "jsonlite",
        "magrittr",
        "purrr",
        "shiny"
      ]
    },
    "sourcetools": {
      "Package": "sourcetools",
      "Version": "0.1.7",
      "Source": "Repository",
      "Repository": "CRAN",
      "Hash": "947e4e02a79effa5d512473e10f41797",
      "Requirements": []
    },
    "sp": {
      "Package": "sp",
      "Version": "1.5-1",
      "Source": "Repository",
      "Repository": "RSPM",
      "Hash": "7b6b37e9d8e3295ccd5a73ac6d62db98",
      "Requirements": [
        "lattice"
      ]
    },
    "stringi": {
      "Package": "stringi",
      "Version": "1.7.8",
      "Source": "Repository",
      "Repository": "CRAN",
      "Hash": "a68b980681bcbc84c7a67003fa796bfb",
      "Requirements": []
    },
    "stringr": {
      "Package": "stringr",
      "Version": "1.4.1",
      "Source": "Repository",
      "Repository": "CRAN",
      "Hash": "a66ad12140cd34d4f9dfcc19e84fc2a5",
      "Requirements": [
        "glue",
        "magrittr",
        "stringi"
      ]
    },
    "styler": {
      "Package": "styler",
      "Version": "1.8.1",
      "Source": "Repository",
      "Repository": "CRAN",
      "Hash": "b110e54b8d57031bbc736cab58455bfd",
      "Requirements": [
        "R.cache",
        "cli",
        "magrittr",
        "purrr",
        "rlang",
        "rprojroot",
        "vctrs",
        "withr"
      ]
    },
    "sys": {
      "Package": "sys",
      "Version": "3.4.1",
      "Source": "Repository",
      "Repository": "CRAN",
      "Hash": "34c16f1ef796057bfa06d3f4ff818a5d",
      "Requirements": []
    },
    "terra": {
      "Package": "terra",
      "Version": "1.6-41",
      "Source": "Repository",
      "Repository": "RSPM",
      "Hash": "273302c394cb69074118e885a47a036f",
      "Requirements": [
        "Rcpp"
      ]
    },
    "testthat": {
      "Package": "testthat",
      "Version": "3.1.5",
      "Source": "Repository",
      "Repository": "RSPM",
      "Hash": "6e3c4843f1ed0d3d90f35498671a001c",
      "Requirements": [
        "R6",
        "brio",
        "callr",
        "cli",
        "desc",
        "digest",
        "ellipsis",
        "evaluate",
        "jsonlite",
        "lifecycle",
        "magrittr",
        "pkgload",
        "praise",
        "processx",
        "ps",
        "rlang",
        "waldo",
        "withr"
      ]
    },
    "tibble": {
      "Package": "tibble",
      "Version": "3.1.8",
      "Source": "Repository",
      "Repository": "CRAN",
      "Hash": "56b6934ef0f8c68225949a8672fe1a8f",
      "Requirements": [
        "fansi",
        "lifecycle",
        "magrittr",
        "pillar",
        "pkgconfig",
        "rlang",
        "vctrs"
      ]
    },
    "tidyr": {
      "Package": "tidyr",
      "Version": "1.2.1",
      "Source": "Repository",
      "Repository": "RSPM",
      "Hash": "cdb403db0de33ccd1b6f53b83736efa8",
      "Requirements": [
        "cpp11",
        "dplyr",
        "ellipsis",
        "glue",
        "lifecycle",
        "magrittr",
        "purrr",
        "rlang",
        "tibble",
        "tidyselect",
        "vctrs"
      ]
    },
    "tidyselect": {
      "Package": "tidyselect",
      "Version": "1.2.0",
      "Source": "Repository",
      "Repository": "RSPM",
      "Hash": "79540e5fcd9e0435af547d885f184fd5",
      "Requirements": [
        "cli",
        "glue",
        "lifecycle",
        "rlang",
        "vctrs",
        "withr"
      ]
    },
    "units": {
      "Package": "units",
      "Version": "0.8-0",
      "Source": "Repository",
      "Repository": "CRAN",
      "Hash": "6c374b265ba437f8d384ec7a313edd96",
      "Requirements": [
        "Rcpp"
      ]
    },
    "utf8": {
      "Package": "utf8",
      "Version": "1.2.2",
      "Source": "Repository",
      "Repository": "CRAN",
      "Hash": "c9c462b759a5cc844ae25b5942654d13",
      "Requirements": []
    },
    "vctrs": {
      "Package": "vctrs",
      "Version": "0.5.1",
      "Source": "Repository",
      "Repository": "CRAN",
      "Hash": "970324f6572b4fd81db507b5d4062cb0",
      "Requirements": [
        "cli",
        "glue",
        "lifecycle",
        "rlang"
      ]
    },
    "viridis": {
      "Package": "viridis",
      "Version": "0.6.2",
      "Source": "Repository",
      "Repository": "RSPM",
      "Hash": "ee96aee95a7a563e5496f8991e9fde4b",
      "Requirements": [
        "ggplot2",
        "gridExtra",
        "viridisLite"
      ]
    },
    "viridisLite": {
      "Package": "viridisLite",
      "Version": "0.4.1",
      "Source": "Repository",
      "Repository": "RSPM",
      "Hash": "62f4b5da3e08d8e5bcba6cac15603f70",
      "Requirements": []
    },
    "waiter": {
      "Package": "waiter",
      "Version": "0.2.5",
      "Source": "Repository",
      "Repository": "RSPM",
      "Hash": "93e6b6c8ae3f81d4be77a0dc74e5cf5e",
      "Requirements": [
        "R6",
        "htmltools",
        "shiny"
      ]
    },
    "waldo": {
      "Package": "waldo",
      "Version": "0.4.0",
      "Source": "Repository",
      "Repository": "CRAN",
      "Hash": "035fba89d0c86e2113120f93301b98ad",
      "Requirements": [
        "cli",
        "diffobj",
        "fansi",
        "glue",
        "rematch2",
        "rlang",
        "tibble"
      ]
    },
    "withr": {
      "Package": "withr",
      "Version": "2.5.0",
      "Source": "Repository",
      "Repository": "CRAN",
      "Hash": "c0e49a9760983e81e55cdd9be92e7182",
      "Requirements": []
    },
    "wk": {
      "Package": "wk",
      "Version": "0.7.0",
      "Source": "Repository",
      "Repository": "RSPM",
      "Hash": "4801d436beeacde30e87f3485a042326",
      "Requirements": []
    },
    "xfun": {
      "Package": "xfun",
      "Version": "0.35",
      "Source": "Repository",
      "Repository": "CRAN",
      "Hash": "f576593107bdf9aa7db48ef75a8c05fb",
      "Requirements": []
    },
    "xml2": {
      "Package": "xml2",
      "Version": "1.3.3",
      "Source": "Repository",
      "Repository": "CRAN",
      "Hash": "40682ed6a969ea5abfd351eb67833adc",
      "Requirements": []
    },
    "xmlparsedata": {
      "Package": "xmlparsedata",
      "Version": "1.0.5",
      "Source": "Repository",
      "Repository": "CRAN",
      "Hash": "45e4bf3c46476896e821fc0a408fb4fc",
      "Requirements": []
    },
    "xtable": {
      "Package": "xtable",
      "Version": "1.8-4",
      "Source": "Repository",
      "Repository": "CRAN",
      "Hash": "b8acdf8af494d9ec19ccb2481a9b11c2",
      "Requirements": []
    },
    "yaml": {
      "Package": "yaml",
      "Version": "2.3.6",
      "Source": "Repository",
      "Repository": "CRAN",
      "Hash": "9b570515751dcbae610f29885e025b41",
      "Requirements": []
    }
  }
}
